// !$*UTF8*$!
{
	archiveVersion = 1;
	classes = {
	};
	objectVersion = 77;
	objects = {

/* Begin PBXContainerItemProxy section */
		914B7FD82D8CC9040024B2B5 /* PBXContainerItemProxy */ = {
			isa = PBXContainerItemProxy;
			containerPortal = 914B7FBD2D8CC9030024B2B5 /* Project object */;
			proxyType = 1;
			remoteGlobalIDString = 914B7FC42D8CC9030024B2B5;
			remoteInfo = MeCheck;
		};
		914B7FE22D8CC9040024B2B5 /* PBXContainerItemProxy */ = {
			isa = PBXContainerItemProxy;
			containerPortal = 914B7FBD2D8CC9030024B2B5 /* Project object */;
			proxyType = 1;
			remoteGlobalIDString = 914B7FC42D8CC9030024B2B5;
			remoteInfo = MeCheck;
		};
/* End PBXContainerItemProxy section */

/* Begin PBXFileReference section */
		914B7FC52D8CC9030024B2B5 /* MeCheck.app */ = {isa = PBXFileReference; explicitFileType = wrapper.application; includeInIndex = 0; path = MeCheck.app; sourceTree = BUILT_PRODUCTS_DIR; };
		914B7FD72D8CC9040024B2B5 /* MeCheckTests.xctest */ = {isa = PBXFileReference; explicitFileType = wrapper.cfbundle; includeInIndex = 0; path = MeCheckTests.xctest; sourceTree = BUILT_PRODUCTS_DIR; };
		914B7FE12D8CC9040024B2B5 /* MeCheckUITests.xctest */ = {isa = PBXFileReference; explicitFileType = wrapper.cfbundle; includeInIndex = 0; path = MeCheckUITests.xctest; sourceTree = BUILT_PRODUCTS_DIR; };
/* End PBXFileReference section */

/* Begin PBXFileSystemSynchronizedRootGroup section */
		914B7FC72D8CC9030024B2B5 /* MeCheck */ = {
			isa = PBXFileSystemSynchronizedRootGroup;
			path = MeCheck;
			sourceTree = "<group>";
		};
		914B7FDA2D8CC9040024B2B5 /* MeCheckTests */ = {
			isa = PBXFileSystemSynchronizedRootGroup;
			path = MeCheckTests;
			sourceTree = "<group>";
		};
		914B7FE42D8CC9040024B2B5 /* MeCheckUITests */ = {
			isa = PBXFileSystemSynchronizedRootGroup;
			path = MeCheckUITests;
			sourceTree = "<group>";
		};
/* End PBXFileSystemSynchronizedRootGroup section */

/* Begin PBXFrameworksBuildPhase section */
		914B7FC22D8CC9030024B2B5 /* Frameworks */ = {
			isa = PBXFrameworksBuildPhase;
			buildActionMask = 2147483647;
			files = (
			);
			runOnlyForDeploymentPostprocessing = 0;
		};
		914B7FD42D8CC9040024B2B5 /* Frameworks */ = {
			isa = PBXFrameworksBuildPhase;
			buildActionMask = 2147483647;
			files = (
			);
			runOnlyForDeploymentPostprocessing = 0;
		};
		914B7FDE2D8CC9040024B2B5 /* Frameworks */ = {
			isa = PBXFrameworksBuildPhase;
			buildActionMask = 2147483647;
			files = (
			);
			runOnlyForDeploymentPostprocessing = 0;
		};
/* End PBXFrameworksBuildPhase section */

/* Begin PBXGroup section */
		914B7FBC2D8CC9030024B2B5 = {
			isa = PBXGroup;
			children = (
				914B7FC72D8CC9030024B2B5 /* MeCheck */,
				914B7FDA2D8CC9040024B2B5 /* MeCheckTests */,
				914B7FE42D8CC9040024B2B5 /* MeCheckUITests */,
				914B7FC62D8CC9030024B2B5 /* Products */,
			);
			sourceTree = "<group>";
		};
		914B7FC62D8CC9030024B2B5 /* Products */ = {
			isa = PBXGroup;
			children = (
				914B7FC52D8CC9030024B2B5 /* MeCheck.app */,
				914B7FD72D8CC9040024B2B5 /* MeCheckTests.xctest */,
				914B7FE12D8CC9040024B2B5 /* MeCheckUITests.xctest */,
			);
			name = Products;
			sourceTree = "<group>";
		};
/* End PBXGroup section */

/* Begin PBXNativeTarget section */
		914B7FC42D8CC9030024B2B5 /* MeCheck */ = {
			isa = PBXNativeTarget;
			buildConfigurationList = 914B7FEB2D8CC9040024B2B5 /* Build configuration list for PBXNativeTarget "MeCheck" */;
			buildPhases = (
				914B7FC12D8CC9030024B2B5 /* Sources */,
				914B7FC22D8CC9030024B2B5 /* Frameworks */,
				914B7FC32D8CC9030024B2B5 /* Resources */,
			);
			buildRules = (
			);
			dependencies = (
			);
			fileSystemSynchronizedGroups = (
				914B7FC72D8CC9030024B2B5 /* MeCheck */,
			);
			name = MeCheck;
			packageProductDependencies = (
			);
			productName = MeCheck;
			productReference = 914B7FC52D8CC9030024B2B5 /* MeCheck.app */;
			productType = "com.apple.product-type.application";
		};
		914B7FD62D8CC9040024B2B5 /* MeCheckTests */ = {
			isa = PBXNativeTarget;
			buildConfigurationList = 914B7FEE2D8CC9040024B2B5 /* Build configuration list for PBXNativeTarget "MeCheckTests" */;
			buildPhases = (
				914B7FD32D8CC9040024B2B5 /* Sources */,
				914B7FD42D8CC9040024B2B5 /* Frameworks */,
				914B7FD52D8CC9040024B2B5 /* Resources */,
			);
			buildRules = (
			);
			dependencies = (
				914B7FD92D8CC9040024B2B5 /* PBXTargetDependency */,
			);
			fileSystemSynchronizedGroups = (
				914B7FDA2D8CC9040024B2B5 /* MeCheckTests */,
			);
			name = MeCheckTests;
			packageProductDependencies = (
			);
			productName = MeCheckTests;
			productReference = 914B7FD72D8CC9040024B2B5 /* MeCheckTests.xctest */;
			productType = "com.apple.product-type.bundle.unit-test";
		};
		914B7FE02D8CC9040024B2B5 /* MeCheckUITests */ = {
			isa = PBXNativeTarget;
			buildConfigurationList = 914B7FF12D8CC9040024B2B5 /* Build configuration list for PBXNativeTarget "MeCheckUITests" */;
			buildPhases = (
				914B7FDD2D8CC9040024B2B5 /* Sources */,
				914B7FDE2D8CC9040024B2B5 /* Frameworks */,
				914B7FDF2D8CC9040024B2B5 /* Resources */,
			);
			buildRules = (
			);
			dependencies = (
				914B7FE32D8CC9040024B2B5 /* PBXTargetDependency */,
			);
			fileSystemSynchronizedGroups = (
				914B7FE42D8CC9040024B2B5 /* MeCheckUITests */,
			);
			name = MeCheckUITests;
			packageProductDependencies = (
			);
			productName = MeCheckUITests;
			productReference = 914B7FE12D8CC9040024B2B5 /* MeCheckUITests.xctest */;
			productType = "com.apple.product-type.bundle.ui-testing";
		};
/* End PBXNativeTarget section */

/* Begin PBXProject section */
		914B7FBD2D8CC9030024B2B5 /* Project object */ = {
			isa = PBXProject;
			attributes = {
				BuildIndependentTargetsInParallel = 1;
				LastSwiftUpdateCheck = 1620;
				LastUpgradeCheck = 1620;
				TargetAttributes = {
					914B7FC42D8CC9030024B2B5 = {
						CreatedOnToolsVersion = 16.2;
					};
					914B7FD62D8CC9040024B2B5 = {
						CreatedOnToolsVersion = 16.2;
						TestTargetID = 914B7FC42D8CC9030024B2B5;
					};
					914B7FE02D8CC9040024B2B5 = {
						CreatedOnToolsVersion = 16.2;
						TestTargetID = 914B7FC42D8CC9030024B2B5;
					};
				};
			};
			buildConfigurationList = 914B7FC02D8CC9030024B2B5 /* Build configuration list for PBXProject "MeCheck" */;
			developmentRegion = en;
			hasScannedForEncodings = 0;
			knownRegions = (
				en,
				Base,
			);
			mainGroup = 914B7FBC2D8CC9030024B2B5;
			minimizedProjectReferenceProxies = 1;
			preferredProjectObjectVersion = 77;
			productRefGroup = 914B7FC62D8CC9030024B2B5 /* Products */;
			projectDirPath = "";
			projectRoot = "";
			targets = (
				914B7FC42D8CC9030024B2B5 /* MeCheck */,
				914B7FD62D8CC9040024B2B5 /* MeCheckTests */,
				914B7FE02D8CC9040024B2B5 /* MeCheckUITests */,
			);
		};
/* End PBXProject section */

/* Begin PBXResourcesBuildPhase section */
		914B7FC32D8CC9030024B2B5 /* Resources */ = {
			isa = PBXResourcesBuildPhase;
			buildActionMask = 2147483647;
			files = (
			);
			runOnlyForDeploymentPostprocessing = 0;
		};
		914B7FD52D8CC9040024B2B5 /* Resources */ = {
			isa = PBXResourcesBuildPhase;
			buildActionMask = 2147483647;
			files = (
			);
			runOnlyForDeploymentPostprocessing = 0;
		};
		914B7FDF2D8CC9040024B2B5 /* Resources */ = {
			isa = PBXResourcesBuildPhase;
			buildActionMask = 2147483647;
			files = (
			);
			runOnlyForDeploymentPostprocessing = 0;
		};
/* End PBXResourcesBuildPhase section */

/* Begin PBXSourcesBuildPhase section */
		914B7FC12D8CC9030024B2B5 /* Sources */ = {
			isa = PBXSourcesBuildPhase;
			buildActionMask = 2147483647;
			files = (
			);
			runOnlyForDeploymentPostprocessing = 0;
		};
		914B7FD32D8CC9040024B2B5 /* Sources */ = {
			isa = PBXSourcesBuildPhase;
			buildActionMask = 2147483647;
			files = (
			);
			runOnlyForDeploymentPostprocessing = 0;
		};
		914B7FDD2D8CC9040024B2B5 /* Sources */ = {
			isa = PBXSourcesBuildPhase;
			buildActionMask = 2147483647;
			files = (
			);
			runOnlyForDeploymentPostprocessing = 0;
		};
/* End PBXSourcesBuildPhase section */

/* Begin PBXTargetDependency section */
		914B7FD92D8CC9040024B2B5 /* PBXTargetDependency */ = {
			isa = PBXTargetDependency;
			target = 914B7FC42D8CC9030024B2B5 /* MeCheck */;
			targetProxy = 914B7FD82D8CC9040024B2B5 /* PBXContainerItemProxy */;
		};
		914B7FE32D8CC9040024B2B5 /* PBXTargetDependency */ = {
			isa = PBXTargetDependency;
			target = 914B7FC42D8CC9030024B2B5 /* MeCheck */;
			targetProxy = 914B7FE22D8CC9040024B2B5 /* PBXContainerItemProxy */;
		};
/* End PBXTargetDependency section */

/* Begin XCBuildConfiguration section */
		914B7FE92D8CC9040024B2B5 /* Debug */ = {
			isa = XCBuildConfiguration;
			buildSettings = {
				ALWAYS_SEARCH_USER_PATHS = NO;
				ASSETCATALOG_COMPILER_GENERATE_SWIFT_ASSET_SYMBOL_EXTENSIONS = YES;
				CLANG_ANALYZER_NONNULL = YES;
				CLANG_ANALYZER_NUMBER_OBJECT_CONVERSION = YES_AGGRESSIVE;
				CLANG_CXX_LANGUAGE_STANDARD = "gnu++20";
				CLANG_ENABLE_MODULES = YES;
				CLANG_ENABLE_OBJC_ARC = YES;
				CLANG_ENABLE_OBJC_WEAK = YES;
				CLANG_WARN_BLOCK_CAPTURE_AUTORELEASING = YES;
				CLANG_WARN_BOOL_CONVERSION = YES;
				CLANG_WARN_COMMA = YES;
				CLANG_WARN_CONSTANT_CONVERSION = YES;
				CLANG_WARN_DEPRECATED_OBJC_IMPLEMENTATIONS = YES;
				CLANG_WARN_DIRECT_OBJC_ISA_USAGE = YES_ERROR;
				CLANG_WARN_DOCUMENTATION_COMMENTS = YES;
				CLANG_WARN_EMPTY_BODY = YES;
				CLANG_WARN_ENUM_CONVERSION = YES;
				CLANG_WARN_INFINITE_RECURSION = YES;
				CLANG_WARN_INT_CONVERSION = YES;
				CLANG_WARN_NON_LITERAL_NULL_CONVERSION = YES;
				CLANG_WARN_OBJC_IMPLICIT_RETAIN_SELF = YES;
				CLANG_WARN_OBJC_LITERAL_CONVERSION = YES;
				CLANG_WARN_OBJC_ROOT_CLASS = YES_ERROR;
				CLANG_WARN_QUOTED_INCLUDE_IN_FRAMEWORK_HEADER = YES;
				CLANG_WARN_RANGE_LOOP_ANALYSIS = YES;
				CLANG_WARN_STRICT_PROTOTYPES = YES;
				CLANG_WARN_SUSPICIOUS_MOVE = YES;
				CLANG_WARN_UNGUARDED_AVAILABILITY = YES_AGGRESSIVE;
				CLANG_WARN_UNREACHABLE_CODE = YES;
				CLANG_WARN__DUPLICATE_METHOD_MATCH = YES;
				COPY_PHASE_STRIP = NO;
				DEBUG_INFORMATION_FORMAT = dwarf;
				ENABLE_STRICT_OBJC_MSGSEND = YES;
				ENABLE_TESTABILITY = YES;
				ENABLE_USER_SCRIPT_SANDBOXING = YES;
				GCC_C_LANGUAGE_STANDARD = gnu17;
				GCC_DYNAMIC_NO_PIC = NO;
				GCC_NO_COMMON_BLOCKS = YES;
				GCC_OPTIMIZATION_LEVEL = 0;
				GCC_PREPROCESSOR_DEFINITIONS = (
					"DEBUG=1",
					"$(inherited)",
				);
				GCC_WARN_64_TO_32_BIT_CONVERSION = YES;
				GCC_WARN_ABOUT_RETURN_TYPE = YES_ERROR;
				GCC_WARN_UNDECLARED_SELECTOR = YES;
				GCC_WARN_UNINITIALIZED_AUTOS = YES_AGGRESSIVE;
				GCC_WARN_UNUSED_FUNCTION = YES;
				GCC_WARN_UNUSED_VARIABLE = YES;
				IPHONEOS_DEPLOYMENT_TARGET = 18.2;
				LOCALIZATION_PREFERS_STRING_CATALOGS = YES;
				MTL_ENABLE_DEBUG_INFO = INCLUDE_SOURCE;
				MTL_FAST_MATH = YES;
				ONLY_ACTIVE_ARCH = YES;
				SDKROOT = iphoneos;
				SWIFT_ACTIVE_COMPILATION_CONDITIONS = "DEBUG $(inherited)";
				SWIFT_OPTIMIZATION_LEVEL = "-Onone";
			};
			name = Debug;
		};
		914B7FEA2D8CC9040024B2B5 /* Release */ = {
			isa = XCBuildConfiguration;
			buildSettings = {
				ALWAYS_SEARCH_USER_PATHS = NO;
				ASSETCATALOG_COMPILER_GENERATE_SWIFT_ASSET_SYMBOL_EXTENSIONS = YES;
				CLANG_ANALYZER_NONNULL = YES;
				CLANG_ANALYZER_NUMBER_OBJECT_CONVERSION = YES_AGGRESSIVE;
				CLANG_CXX_LANGUAGE_STANDARD = "gnu++20";
				CLANG_ENABLE_MODULES = YES;
				CLANG_ENABLE_OBJC_ARC = YES;
				CLANG_ENABLE_OBJC_WEAK = YES;
				CLANG_WARN_BLOCK_CAPTURE_AUTORELEASING = YES;
				CLANG_WARN_BOOL_CONVERSION = YES;
				CLANG_WARN_COMMA = YES;
				CLANG_WARN_CONSTANT_CONVERSION = YES;
				CLANG_WARN_DEPRECATED_OBJC_IMPLEMENTATIONS = YES;
				CLANG_WARN_DIRECT_OBJC_ISA_USAGE = YES_ERROR;
				CLANG_WARN_DOCUMENTATION_COMMENTS = YES;
				CLANG_WARN_EMPTY_BODY = YES;
				CLANG_WARN_ENUM_CONVERSION = YES;
				CLANG_WARN_INFINITE_RECURSION = YES;
				CLANG_WARN_INT_CONVERSION = YES;
				CLANG_WARN_NON_LITERAL_NULL_CONVERSION = YES;
				CLANG_WARN_OBJC_IMPLICIT_RETAIN_SELF = YES;
				CLANG_WARN_OBJC_LITERAL_CONVERSION = YES;
				CLANG_WARN_OBJC_ROOT_CLASS = YES_ERROR;
				CLANG_WARN_QUOTED_INCLUDE_IN_FRAMEWORK_HEADER = YES;
				CLANG_WARN_RANGE_LOOP_ANALYSIS = YES;
				CLANG_WARN_STRICT_PROTOTYPES = YES;
				CLANG_WARN_SUSPICIOUS_MOVE = YES;
				CLANG_WARN_UNGUARDED_AVAILABILITY = YES_AGGRESSIVE;
				CLANG_WARN_UNREACHABLE_CODE = YES;
				CLANG_WARN__DUPLICATE_METHOD_MATCH = YES;
				COPY_PHASE_STRIP = NO;
				DEBUG_INFORMATION_FORMAT = "dwarf-with-dsym";
				ENABLE_NS_ASSERTIONS = NO;
				ENABLE_STRICT_OBJC_MSGSEND = YES;
				ENABLE_USER_SCRIPT_SANDBOXING = YES;
				GCC_C_LANGUAGE_STANDARD = gnu17;
				GCC_NO_COMMON_BLOCKS = YES;
				GCC_WARN_64_TO_32_BIT_CONVERSION = YES;
				GCC_WARN_ABOUT_RETURN_TYPE = YES_ERROR;
				GCC_WARN_UNDECLARED_SELECTOR = YES;
				GCC_WARN_UNINITIALIZED_AUTOS = YES_AGGRESSIVE;
				GCC_WARN_UNUSED_FUNCTION = YES;
				GCC_WARN_UNUSED_VARIABLE = YES;
				IPHONEOS_DEPLOYMENT_TARGET = 18.2;
				LOCALIZATION_PREFERS_STRING_CATALOGS = YES;
				MTL_ENABLE_DEBUG_INFO = NO;
				MTL_FAST_MATH = YES;
				SDKROOT = iphoneos;
				SWIFT_COMPILATION_MODE = wholemodule;
				VALIDATE_PRODUCT = YES;
			};
			name = Release;
		};
		914B7FEC2D8CC9040024B2B5 /* Debug */ = {
			isa = XCBuildConfiguration;
			buildSettings = {
				ASSETCATALOG_COMPILER_APPICON_NAME = AppIcon;
				ASSETCATALOG_COMPILER_GLOBAL_ACCENT_COLOR_NAME = AccentColor;
				CODE_SIGN_STYLE = Automatic;
				CURRENT_PROJECT_VERSION = 1;
				DEVELOPMENT_ASSET_PATHS = "\"MeCheck/Preview Content\"";
				DEVELOPMENT_TEAM = M968R2AMGD;
				ENABLE_PREVIEWS = YES;
				GENERATE_INFOPLIST_FILE = YES;
				INFOPLIST_KEY_UIApplicationSceneManifest_Generation = YES;
				INFOPLIST_KEY_UIApplicationSupportsIndirectInputEvents = YES;
				INFOPLIST_KEY_UILaunchScreen_Generation = YES;
				INFOPLIST_KEY_UISupportedInterfaceOrientations_iPad = "UIInterfaceOrientationPortrait UIInterfaceOrientationPortraitUpsideDown UIInterfaceOrientationLandscapeLeft UIInterfaceOrientationLandscapeRight";
				INFOPLIST_KEY_UISupportedInterfaceOrientations_iPhone = "UIInterfaceOrientationPortrait UIInterfaceOrientationLandscapeLeft UIInterfaceOrientationLandscapeRight";
				LD_RUNPATH_SEARCH_PATHS = (
					"$(inherited)",
					"@executable_path/Frameworks",
				);
				MARKETING_VERSION = 1.0;
				PRODUCT_BUNDLE_IDENTIFIER = gliadev.MeCheck;
				PRODUCT_NAME = "$(TARGET_NAME)";
				SWIFT_EMIT_LOC_STRINGS = YES;
				SWIFT_VERSION = 5.0;
				TARGETED_DEVICE_FAMILY = "1,2";
			};
			name = Debug;
		};
		914B7FED2D8CC9040024B2B5 /* Release */ = {
			isa = XCBuildConfiguration;
			buildSettings = {
				ASSETCATALOG_COMPILER_APPICON_NAME = AppIcon;
				ASSETCATALOG_COMPILER_GLOBAL_ACCENT_COLOR_NAME = AccentColor;
				CODE_SIGN_STYLE = Automatic;
				CURRENT_PROJECT_VERSION = 1;
				DEVELOPMENT_ASSET_PATHS = "\"MeCheck/Preview Content\"";
				DEVELOPMENT_TEAM = M968R2AMGD;
				ENABLE_PREVIEWS = YES;
				GENERATE_INFOPLIST_FILE = YES;
				INFOPLIST_KEY_UIApplicationSceneManifest_Generation = YES;
				INFOPLIST_KEY_UIApplicationSupportsIndirectInputEvents = YES;
				INFOPLIST_KEY_UILaunchScreen_Generation = YES;
				INFOPLIST_KEY_UISupportedInterfaceOrientations_iPad = "UIInterfaceOrientationPortrait UIInterfaceOrientationPortraitUpsideDown UIInterfaceOrientationLandscapeLeft UIInterfaceOrientationLandscapeRight";
				INFOPLIST_KEY_UISupportedInterfaceOrientations_iPhone = "UIInterfaceOrientationPortrait UIInterfaceOrientationLandscapeLeft UIInterfaceOrientationLandscapeRight";
				LD_RUNPATH_SEARCH_PATHS = (
					"$(inherited)",
					"@executable_path/Frameworks",
				);
				MARKETING_VERSION = 1.0;
				PRODUCT_BUNDLE_IDENTIFIER = gliadev.MeCheck;
				PRODUCT_NAME = "$(TARGET_NAME)";
				SWIFT_EMIT_LOC_STRINGS = YES;
				SWIFT_VERSION = 5.0;
				TARGETED_DEVICE_FAMILY = "1,2";
			};
			name = Release;
		};
		914B7FEF2D8CC9040024B2B5 /* Debug */ = {
			isa = XCBuildConfiguration;
			buildSettings = {
				BUNDLE_LOADER = "$(TEST_HOST)";
				CODE_SIGN_STYLE = Automatic;
				CURRENT_PROJECT_VERSION = 1;
				DEVELOPMENT_TEAM = M968R2AMGD;
				GENERATE_INFOPLIST_FILE = YES;
				IPHONEOS_DEPLOYMENT_TARGET = 18.2;
				MARKETING_VERSION = 1.0;
				PRODUCT_BUNDLE_IDENTIFIER = gliadev.MeCheckTests;
				PRODUCT_NAME = "$(TARGET_NAME)";
				SWIFT_EMIT_LOC_STRINGS = NO;
				SWIFT_VERSION = 5.0;
				TARGETED_DEVICE_FAMILY = "1,2";
				TEST_HOST = "$(BUILT_PRODUCTS_DIR)/MeCheck.app/$(BUNDLE_EXECUTABLE_FOLDER_PATH)/MeCheck";
			};
			name = Debug;
		};
		914B7FF02D8CC9040024B2B5 /* Release */ = {
			isa = XCBuildConfiguration;
			buildSettings = {
				BUNDLE_LOADER = "$(TEST_HOST)";
				CODE_SIGN_STYLE = Automatic;
				CURRENT_PROJECT_VERSION = 1;
				DEVELOPMENT_TEAM = M968R2AMGD;
				GENERATE_INFOPLIST_FILE = YES;
				IPHONEOS_DEPLOYMENT_TARGET = 18.2;
				MARKETING_VERSION = 1.0;
				PRODUCT_BUNDLE_IDENTIFIER = gliadev.MeCheckTests;
				PRODUCT_NAME = "$(TARGET_NAME)";
				SWIFT_EMIT_LOC_STRINGS = NO;
				SWIFT_VERSION = 5.0;
				TARGETED_DEVICE_FAMILY = "1,2";
				TEST_HOST = "$(BUILT_PRODUCTS_DIR)/MeCheck.app/$(BUNDLE_EXECUTABLE_FOLDER_PATH)/MeCheck";
			};
			name = Release;
		};
		914B7FF22D8CC9040024B2B5 /* Debug */ = {
			isa = XCBuildConfiguration;
			buildSettings = {
				CODE_SIGN_STYLE = Automatic;
				CURRENT_PROJECT_VERSION = 1;
				DEVELOPMENT_TEAM = M968R2AMGD;
				GENERATE_INFOPLIST_FILE = YES;
				MARKETING_VERSION = 1.0;
				PRODUCT_BUNDLE_IDENTIFIER = gliadev.MeCheckUITests;
				PRODUCT_NAME = "$(TARGET_NAME)";
				SWIFT_EMIT_LOC_STRINGS = NO;
				SWIFT_VERSION = 5.0;
				TARGETED_DEVICE_FAMILY = "1,2";
				TEST_TARGET_NAME = MeCheck;
			};
			name = Debug;
		};
		914B7FF32D8CC9040024B2B5 /* Release */ = {
			isa = XCBuildConfiguration;
			buildSettings = {
				CODE_SIGN_STYLE = Automatic;
				CURRENT_PROJECT_VERSION = 1;
				DEVELOPMENT_TEAM = M968R2AMGD;
				GENERATE_INFOPLIST_FILE = YES;
				MARKETING_VERSION = 1.0;
				PRODUCT_BUNDLE_IDENTIFIER = gliadev.MeCheckUITests;
				PRODUCT_NAME = "$(TARGET_NAME)";
				SWIFT_EMIT_LOC_STRINGS = NO;
				SWIFT_VERSION = 5.0;
				TARGETED_DEVICE_FAMILY = "1,2";
				TEST_TARGET_NAME = MeCheck;
			};
			name = Release;
		};
/* End XCBuildConfiguration section */

/* Begin XCConfigurationList section */
		914B7FC02D8CC9030024B2B5 /* Build configuration list for PBXProject "MeCheck" */ = {
			isa = XCConfigurationList;
			buildConfigurations = (
				914B7FE92D8CC9040024B2B5 /* Debug */,
				914B7FEA2D8CC9040024B2B5 /* Release */,
			);
			defaultConfigurationIsVisible = 0;
			defaultConfigurationName = Release;
		};
		914B7FEB2D8CC9040024B2B5 /* Build configuration list for PBXNativeTarget "MeCheck" */ = {
			isa = XCConfigurationList;
			buildConfigurations = (
				914B7FEC2D8CC9040024B2B5 /* Debug */,
				914B7FED2D8CC9040024B2B5 /* Release */,
			);
			defaultConfigurationIsVisible = 0;
			defaultConfigurationName = Release;
		};
		914B7FEE2D8CC9040024B2B5 /* Build configuration list for PBXNativeTarget "MeCheckTests" */ = {
			isa = XCConfigurationList;
			buildConfigurations = (
				914B7FEF2D8CC9040024B2B5 /* Debug */,
				914B7FF02D8CC9040024B2B5 /* Release */,
			);
			defaultConfigurationIsVisible = 0;
			defaultConfigurationName = Release;
		};
		914B7FF12D8CC9040024B2B5 /* Build configuration list for PBXNativeTarget "MeCheckUITests" */ = {
			isa = XCConfigurationList;
			buildConfigurations = (
				914B7FF22D8CC9040024B2B5 /* Debug */,
				914B7FF32D8CC9040024B2B5 /* Release */,
			);
			defaultConfigurationIsVisible = 0;
			defaultConfigurationName = Release;
		};
/* End XCConfigurationList section */
	};
	rootObject = 914B7FBD2D8CC9030024B2B5 /* Project object */;
}
